<?xml version="1.0" encoding="utf-8"?>
<Project ToolsVersion="4.0" xmlns="http://schemas.microsoft.com/developer/msbuild/2003">
  <ItemGroup>
    <Filter Include="source">
      <UniqueIdentifier>{8fa21c6a-39bf-4559-b85f-437e2c1047f8}</UniqueIdentifier>
      <Extensions>cpp;c;cxx;def;odl;idl;hpj;bat;asm</Extensions>
    </Filter>
    <Filter Include="include">
      <UniqueIdentifier>{bc8c4143-8938-45d7-b055-1eb26fc72927}</UniqueIdentifier>
      <Extensions>h;hpp;hxx;hm;inl;inc</Extensions>
    </Filter>
    <Filter Include="resource">
      <UniqueIdentifier>{9852eae8-1f05-441b-816c-86a27b8ab67c}</UniqueIdentifier>
      <Extensions>rc;ico;cur;bmp;dlg;rc2;rct;bin;rgs;jpg;jpeg;jpe;png;manifest</Extensions>
    </Filter>
  </ItemGroup>
  <ItemGroup>
    <None Include="res\test1.ico">
      <Filter>resource</Filter>
    </None>
    <None Include="..\Resources\CloseSelected.png">
      <Filter>resource</Filter>
    </None>
    <None Include="..\Resources\CloseNormal.png">
      <Filter>resource</Filter>
    </None>
    <None Include="..\Resources\HelloWorld.png">
      <Filter>resource</Filter>
    </None>
    <None Include="..\Resources\fonts\west_england-64.png">
      <Filter>resource</Filter>
    </None>
    <None Include="..\Resources\fonts\arial16.png">
      <Filter>resource</Filter>
    </None>
    <None Include="..\Resources\fonts\arial-unicode-26.png">
      <Filter>resource</Filter>
    </None>
    <None Include="..\Resources\fonts\bitmapFontChinese.png">
      <Filter>resource</Filter>
    </None>
    <None Include="..\Resources\fonts\bitmapFontTest2.bmp">
      <Filter>resource</Filter>
    </None>
    <None Include="..\Resources\fonts\bitmapFontTest2.png">
      <Filter>resource</Filter>
    </None>
    <None Include="..\Resources\fonts\bitmapFontTest3.png">
      <Filter>resource</Filter>
    </None>
    <None Include="..\Resources\fonts\bitmapFontTest4.png">
      <Filter>resource</Filter>
    </None>
    <None Include="..\Resources\fonts\bitmapFontTest5.png">
      <Filter>resource</Filter>
    </None>
    <None Include="..\Resources\fonts\bitmapFontTest.png">
      <Filter>resource</Filter>
    </None>
    <None Include="..\Resources\fonts\boundsTestFont.png">
      <Filter>resource</Filter>
    </None>
    <None Include="..\Resources\fonts\font-issue1343.png">
      <Filter>resource</Filter>
    </None>
    <None Include="..\Resources\fonts\font-issue1343-hd.png">
      <Filter>resource</Filter>
    </None>
    <None Include="..\Resources\fonts\futura-48.png">
      <Filter>resource</Filter>
    </None>
    <None Include="..\Resources\fonts\helvetica-geneva-32.png">
      <Filter>resource</Filter>
    </None>
    <None Include="..\Resources\fonts\konqa32.png">
      <Filter>resource</Filter>
    </None>
    <None Include="..\Resources\fonts\labelatlas.png">
      <Filter>resource</Filter>
    </None>
    <None Include="..\Resources\fonts\larabie-16.png">
      <Filter>resource</Filter>
    </None>
    <None Include="..\Resources\fonts\markerFelt.png">
      <Filter>resource</Filter>
    </None>
    <None Include="..\Resources\fonts\tuffy_bold_italic-charmap.png">
      <Filter>resource</Filter>
    </None>
  </ItemGroup>
  <ItemGroup>
    <ResourceCompile Include="test1.rc">
      <Filter>resource</Filter>
    </ResourceCompile>
  </ItemGroup>
  <ItemGroup>
    <ClInclude Include="resource.h">
      <Filter>include</Filter>
    </ClInclude>
    <ClInclude Include="main.h">
      <Filter>include</Filter>
    </ClInclude>
    <ClInclude Include="..\Classes\AppDelegate.h">
      <Filter>include</Filter>
    </ClInclude>
    <ClInclude Include="..\Classes\HelloWorldScene.h">
      <Filter>include</Filter>
    </ClInclude>
    <ClInclude Include="MenuLayerMainMenu.h">
      <Filter>include</Filter>
    </ClInclude>
  </ItemGroup>
  <ItemGroup>
    <ClCompile Include="main.cpp">
      <Filter>source</Filter>
    </ClCompile>
    <ClCompile Include="..\Classes\AppDelegate.cpp">
      <Filter>source</Filter>
    </ClCompile>
    <ClCompile Include="..\Classes\HelloWorldScene.cpp">
      <Filter>source</Filter>
    </ClCompile>
    <ClCompile Include="MenuLayerMainMenu.cpp">
      <Filter>source</Filter>
    </ClCompile>
  </ItemGroup>
</Project>